
Microsoft Visual Studio Solution File, Format Version 12.00
# Visual Studio 15
VisualStudioVersion = 15.0.26124.0
MinimumVisualStudioVersion = 15.0.26124.0
Project("{FAE04EC0-301F-11D3-BF4B-00C04F79EFBC}") = "CircularBuffer", "CircularBuffer\CircularBuffer.csproj", "{531ED9B4-0491-4EDB-AD78-053630925C22}"
EndProject
Project("{FAE04EC0-301F-11D3-BF4B-00C04F79EFBC}") = "CircularBuffer.Tests", "CircularBuffer.Tests\CircularBuffer.Tests.csproj", "{93805EAC-F532-4103-992A-D8A7170EC498}"
EndProject
Global
	GlobalSection(SolutionConfigurationPlatforms) = preSolution
		Debug|Any CPU = Debug|Any CPU
		Debug|x64 = Debug|x64
		Debug|x86 = Debug|x86
		Release|Any CPU = Release|Any CPU
		Release|x64 = Release|x64
		Release|x86 = Release|x86
	EndGlobalSection
	GlobalSection(SolutionProperties) = preSolution
		HideSolutionNode = FALSE
	EndGlobalSection
	GlobalSection(ProjectConfigurationPlatforms) = postSolution
		{531ED9B4-0491-4EDB-AD78-053630925C22}.Debug|Any CPU.ActiveCfg = Debug|Any CPU
		{531ED9B4-0491-4EDB-AD78-053630925C22}.Debug|Any CPU.Build.0 = Debug|Any CPU
		{531ED9B4-0491-4EDB-AD78-053630925C22}.Debug|x64.ActiveCfg = Debug|Any CPU
		{531ED9B4-0491-4EDB-AD78-053630925C22}.Debug|x64.Build.0 = Debug|Any CPU
		{531ED9B4-0491-4EDB-AD78-053630925C22}.Debug|x86.ActiveCfg = Debug|Any CPU
		{531ED9B4-0491-4EDB-AD78-053630925C22}.Debug|x86.Build.0 = Debug|Any CPU
		{531ED9B4-0491-4EDB-AD78-053630925C22}.Release|Any CPU.ActiveCfg = Release|Any CPU
		{531ED9B4-0491-4EDB-AD78-053630925C22}.Release|Any CPU.Build.0 = Release|Any CPU
		{531ED9B4-0491-4EDB-AD78-053630925C22}.Release|x64.ActiveCfg = Release|Any CPU
		{531ED9B4-0491-4EDB-AD78-053630925C22}.Release|x64.Build.0 = Release|Any CPU
		{531ED9B4-0491-4EDB-AD78-053630925C22}.Release|x86.ActiveCfg = Release|Any CPU
		{531ED9B4-0491-4EDB-AD78-053630925C22}.Release|x86.Build.0 = Release|Any CPU
		{93805EAC-F532-4103-992A-D8A7170EC498}.Debug|Any CPU.ActiveCfg = Debug|Any CPU
		{93805EAC-F532-4103-992A-D8A7170EC498}.Debug|Any CPU.Build.0 = Debug|Any CPU
		{93805EAC-F532-4103-992A-D8A7170EC498}.Debug|x64.ActiveCfg = Debug|Any CPU
		{93805EAC-F532-4103-992A-D8A7170EC498}.Debug|x64.Build.0 = Debug|Any CPU
		{93805EAC-F532-4103-992A-D8A7170EC498}.Debug|x86.ActiveCfg = Debug|Any CPU
		{93805EAC-F532-4103-992A-D8A7170EC498}.Debug|x86.Build.0 = Debug|Any CPU
		{93805EAC-F532-4103-992A-D8A7170EC498}.Release|Any CPU.ActiveCfg = Release|Any CPU
		{93805EAC-F532-4103-992A-D8A7170EC498}.Release|Any CPU.Build.0 = Release|Any CPU
		{93805EAC-F532-4103-992A-D8A7170EC498}.Release|x64.ActiveCfg = Release|Any CPU
		{93805EAC-F532-4103-992A-D8A7170EC498}.Release|x64.Build.0 = Release|Any CPU
		{93805EAC-F532-4103-992A-D8A7170EC498}.Release|x86.ActiveCfg = Release|Any CPU
		{93805EAC-F532-4103-992A-D8A7170EC498}.Release|x86.Build.0 = Release|Any CPU
	EndGlobalSection
EndGlobal
